
Microsoft Visual Studio Solution File, Format Version 12.00
# Visual Studio Version 17
VisualStudioVersion = 17.8.34322.80
MinimumVisualStudioVersion = 10.0.40219.1
Project("{9A19103F-16F7-4668-BE54-9A1E7A4F7556}") = "Master in Web APPI", "Master in Web APPI\Master in Web APPI.csproj", "{F96334EC-3F28-49D0-9F88-CDBB02BADB78}"
EndProject
Project("{FAE04EC0-301F-11D3-BF4B-00C04F79EFBC}") = "WebApp", "WebApp\WebApp.csproj", "{51B94E39-ACF3-4731-8F8D-034362500D83}"
EndProject
Global
	GlobalSection(SolutionConfigurationPlatforms) = preSolution
		Debug|Any CPU = Debug|Any CPU
		Release|Any CPU = Release|Any CPU
	EndGlobalSection
	GlobalSection(ProjectConfigurationPlatforms) = postSolution
		{F96334EC-3F28-49D0-9F88-CDBB02BADB78}.Debug|Any CPU.ActiveCfg = Debug|Any CPU
		{F96334EC-3F28-49D0-9F88-CDBB02BADB78}.Debug|Any CPU.Build.0 = Debug|Any CPU
		{F96334EC-3F28-49D0-9F88-CDBB02BADB78}.Release|Any CPU.ActiveCfg = Release|Any CPU
		{F96334EC-3F28-49D0-9F88-CDBB02BADB78}.Release|Any CPU.Build.0 = Release|Any CPU
		{51B94E39-ACF3-4731-8F8D-034362500D83}.Debug|Any CPU.ActiveCfg = Debug|Any CPU
		{51B94E39-ACF3-4731-8F8D-034362500D83}.Debug|Any CPU.Build.0 = Debug|Any CPU
		{51B94E39-ACF3-4731-8F8D-034362500D83}.Release|Any CPU.ActiveCfg = Release|Any CPU
		{51B94E39-ACF3-4731-8F8D-034362500D83}.Release|Any CPU.Build.0 = Release|Any CPU
	EndGlobalSection
	GlobalSection(SolutionProperties) = preSolution
		HideSolutionNode = FALSE
	EndGlobalSection
	GlobalSection(ExtensibilityGlobals) = postSolution
		SolutionGuid = {65C82A95-DBE7-4833-81DD-242C87A4507D}
	EndGlobalSection
EndGlobal
